// !$*UTF8*$!
{
	archiveVersion = 1;
	classes = {
	};
	objectVersion = 46;
	objects = {

/* Begin PBXBuildFile section */
		578E09531BF4DBC2005BDA1A /* AppDelegate.swift in Sources */ = {isa = PBXBuildFile; fileRef = 578E09521BF4DBC2005BDA1A /* AppDelegate.swift */; };
		578E09551BF4DBC2005BDA1A /* GameScene.swift in Sources */ = {isa = PBXBuildFile; fileRef = 578E09541BF4DBC2005BDA1A /* GameScene.swift */; };
		578E09571BF4DBC2005BDA1A /* GameScene.sks in Resources */ = {isa = PBXBuildFile; fileRef = 578E09561BF4DBC2005BDA1A /* GameScene.sks */; };
		578E09591BF4DBC2005BDA1A /* Assets.xcassets in Resources */ = {isa = PBXBuildFile; fileRef = 578E09581BF4DBC2005BDA1A /* Assets.xcassets */; };
		578E095C1BF4DBC2005BDA1A /* MainMenu.xib in Resources */ = {isa = PBXBuildFile; fileRef = 578E095A1BF4DBC2005BDA1A /* MainMenu.xib */; };
		578E09641BF4DD11005BDA1A /* Rabbit.swift in Sources */ = {isa = PBXBuildFile; fileRef = 578E09631BF4DD11005BDA1A /* Rabbit.swift */; };
/* End PBXBuildFile section */

/* Begin PBXFileReference section */
		578E094F1BF4DBC2005BDA1A /* Logo.app */ = {isa = PBXFileReference; explicitFileType = wrapper.application; includeInIndex = 0; path = Logo.app; sourceTree = BUILT_PRODUCTS_DIR; };
		578E09521BF4DBC2005BDA1A /* AppDelegate.swift */ = {isa = PBXFileReference; lastKnownFileType = sourcecode.swift; path = AppDelegate.swift; sourceTree = "<group>"; };
		578E09541BF4DBC2005BDA1A /* GameScene.swift */ = {isa = PBXFileReference; lastKnownFileType = sourcecode.swift; path = GameScene.swift; sourceTree = "<group>"; };
		578E09561BF4DBC2005BDA1A /* GameScene.sks */ = {isa = PBXFileReference; lastKnownFileType = file.sks; path = GameScene.sks; sourceTree = "<group>"; };
		578E09581BF4DBC2005BDA1A /* Assets.xcassets */ = {isa = PBXFileReference; lastKnownFileType = folder.assetcatalog; path = Assets.xcassets; sourceTree = "<group>"; };
		578E095B1BF4DBC2005BDA1A /* Base */ = {isa = PBXFileReference; lastKnownFileType = file.xib; name = Base; path = Base.lproj/MainMenu.xib; sourceTree = "<group>"; };
		578E095D1BF4DBC2005BDA1A /* Info.plist */ = {isa = PBXFileReference; lastKnownFileType = text.plist.xml; path = Info.plist; sourceTree = "<group>"; };
		578E09631BF4DD11005BDA1A /* Rabbit.swift */ = {isa = PBXFileReference; fileEncoding = 4; lastKnownFileType = sourcecode.swift; path = Rabbit.swift; sourceTree = "<group>"; };
/* End PBXFileReference section */

/* Begin PBXFrameworksBuildPhase section */
		578E094C1BF4DBC2005BDA1A /* Frameworks */ = {
			isa = PBXFrameworksBuildPhase;
			buildActionMask = 2147483647;
			files = (
			);
			runOnlyForDeploymentPostprocessing = 0;
		};
/* End PBXFrameworksBuildPhase section */

/* Begin PBXGroup section */
		578E09461BF4DBC2005BDA1A = {
			isa = PBXGroup;
			children = (
				578E09511BF4DBC2005BDA1A /* Logo */,
				578E09501BF4DBC2005BDA1A /* Products */,
			);
			sourceTree = "<group>";
		};
		578E09501BF4DBC2005BDA1A /* Products */ = {
			isa = PBXGroup;
			children = (
				578E094F1BF4DBC2005BDA1A /* Logo.app */,
			);
			name = Products;
			sourceTree = "<group>";
		};
		578E09511BF4DBC2005BDA1A /* Logo */ = {
			isa = PBXGroup;
			children = (
				578E09521BF4DBC2005BDA1A /* AppDelegate.swift */,
				578E09541BF4DBC2005BDA1A /* GameScene.swift */,
				578E09631BF4DD11005BDA1A /* Rabbit.swift */,
				578E09561BF4DBC2005BDA1A /* GameScene.sks */,
				578E09581BF4DBC2005BDA1A /* Assets.xcassets */,
				578E095A1BF4DBC2005BDA1A /* MainMenu.xib */,
				578E095D1BF4DBC2005BDA1A /* Info.plist */,
			);
			path = Logo;
			sourceTree = "<group>";
		};
/* End PBXGroup section */

/* Begin PBXNativeTarget section */
		578E094E1BF4DBC2005BDA1A /* Logo */ = {
			isa = PBXNativeTarget;
			buildConfigurationList = 578E09601BF4DBC2005BDA1A /* Build configuration list for PBXNativeTarget "Logo" */;
			buildPhases = (
				578E094B1BF4DBC2005BDA1A /* Sources */,
				578E094C1BF4DBC2005BDA1A /* Frameworks */,
				578E094D1BF4DBC2005BDA1A /* Resources */,
			);
			buildRules = (
			);
			dependencies = (
			);
			name = Logo;
			productName = Logo;
			productReference = 578E094F1BF4DBC2005BDA1A /* Logo.app */;
			productType = "com.apple.product-type.application";
		};
/* End PBXNativeTarget section */

/* Begin PBXProject section */
		578E09471BF4DBC2005BDA1A /* Project object */ = {
			isa = PBXProject;
			attributes = {
				LastSwiftUpdateCheck = 0710;
				LastUpgradeCheck = 0710;
				ORGANIZATIONNAME = "Devine Lu Linvega";
				TargetAttributes = {
					578E094E1BF4DBC2005BDA1A = {
						CreatedOnToolsVersion = 7.1;
					};
				};
			};
			buildConfigurationList = 578E094A1BF4DBC2005BDA1A /* Build configuration list for PBXProject "Logo" */;
			compatibilityVersion = "Xcode 3.2";
			developmentRegion = English;
			hasScannedForEncodings = 0;
			knownRegions = (
				en,
				Base,
			);
			mainGroup = 578E09461BF4DBC2005BDA1A;
			productRefGroup = 578E09501BF4DBC2005BDA1A /* Products */;
			projectDirPath = "";
			projectRoot = "";
			targets = (
				578E094E1BF4DBC2005BDA1A /* Logo */,
			);
		};
/* End PBXProject section */

/* Begin PBXResourcesBuildPhase section */
		578E094D1BF4DBC2005BDA1A /* Resources */ = {
			isa = PBXResourcesBuildPhase;
			buildActionMask = 2147483647;
			files = (
				578E09591BF4DBC2005BDA1A /* Assets.xcassets in Resources */,
				578E09571BF4DBC2005BDA1A /* GameScene.sks in Resources */,
				578E095C1BF4DBC2005BDA1A /* MainMenu.xib in Resources */,
			);
			runOnlyForDeploymentPostprocessing = 0;
		};
/* End PBXResourcesBuildPhase section */

/* Begin PBXSourcesBuildPhase section */
		578E094B1BF4DBC2005BDA1A /* Sources */ = {
			isa = PBXSourcesBuildPhase;
			buildActionMask = 2147483647;
			files = (
				578E09551BF4DBC2005BDA1A /* GameScene.swift in Sources */,
				578E09641BF4DD11005BDA1A /* Rabbit.swift in Sources */,
				578E09531BF4DBC2005BDA1A /* AppDelegate.swift in Sources */,
			);
			runOnlyForDeploymentPostprocessing = 0;
		};
/* End PBXSourcesBuildPhase section */

/* Begin PBXVariantGroup section */
		578E095A1BF4DBC2005BDA1A /* MainMenu.xib */ = {
			isa = PBXVariantGroup;
			children = (
				578E095B1BF4DBC2005BDA1A /* Base */,
			);
			name = MainMenu.xib;
			sourceTree = "<group>";
		};
/* End PBXVariantGroup section */

/* Begin XCBuildConfiguration section */
		578E095E1BF4DBC2005BDA1A /* Debug */ = {
			isa = XCBuildConfiguration;
			buildSettings = {
				ALWAYS_SEARCH_USER_PATHS = NO;
				CLANG_CXX_LANGUAGE_STANDARD = "gnu++0x";
				CLANG_CXX_LIBRARY = "libc++";
				CLANG_ENABLE_MODULES = YES;
				CLANG_ENABLE_OBJC_ARC = YES;
				CLANG_WARN_BOOL_CONVERSION = YES;
				CLANG_WARN_CONSTANT_CONVERSION = YES;
				CLANG_WARN_DIRECT_OBJC_ISA_USAGE = YES_ERROR;
				CLANG_WARN_EMPTY_BODY = YES;
				CLANG_WARN_ENUM_CONVERSION = YES;
				CLANG_WARN_INT_CONVERSION = YES;
				CLANG_WARN_OBJC_ROOT_CLASS = YES_ERROR;
				CLANG_WARN_UNREACHABLE_CODE = YES;
				CLANG_WARN__DUPLICATE_METHOD_MATCH = YES;
				CODE_SIGN_IDENTITY = "-";
				COPY_PHASE_STRIP = NO;
				DEBUG_INFORMATION_FORMAT = "dwarf-with-dsym";
				ENABLE_STRICT_OBJC_MSGSEND = YES;
				ENABLE_TESTABILITY = YES;
				GCC_C_LANGUAGE_STANDARD = gnu99;
				GCC_DYNAMIC_NO_PIC = NO;
				GCC_NO_COMMON_BLOCKS = YES;
				GCC_OPTIMIZATION_LEVEL = 0;
				GCC_PREPROCESSOR_DEFINITIONS = (
					"DEBUG=1",
					"$(inherited)",
				);
				GCC_WARN_64_TO_32_BIT_CONVERSION = YES;
				GCC_WARN_ABOUT_RETURN_TYPE = YES_ERROR;
				GCC_WARN_UNDECLARED_SELECTOR = YES;
				GCC_WARN_UNINITIALIZED_AUTOS = YES_AGGRESSIVE;
				GCC_WARN_UNUSED_FUNCTION = YES;
				GCC_WARN_UNUSED_VARIABLE = YES;
				MACOSX_DEPLOYMENT_TARGET = 10.11;
				MTL_ENABLE_DEBUG_INFO = YES;
				ONLY_ACTIVE_ARCH = YES;
				SDKROOT = macosx;
				SWIFT_OPTIMIZATION_LEVEL = "-Onone";
			};
			name = Debug;
		};
		578E095F1BF4DBC2005BDA1A /* Release */ = {
			isa = XCBuildConfiguration;
			buildSettings = {
				ALWAYS_SEARCH_USER_PATHS = NO;
				CLANG_CXX_LANGUAGE_STANDARD = "gnu++0x";
				CLANG_CXX_LIBRARY = "libc++";
				CLANG_ENABLE_MODULES = YES;
				CLANG_ENABLE_OBJC_ARC = YES;
				CLANG_WARN_BOOL_CONVERSION = YES;
				CLANG_WARN_CONSTANT_CONVERSION = YES;
				CLANG_WARN_DIRECT_OBJC_ISA_USAGE = YES_ERROR;
				CLANG_WARN_EMPTY_BODY = YES;
				CLANG_WARN_ENUM_CONVERSION = YES;
				CLANG_WARN_INT_CONVERSION = YES;
				CLANG_WARN_OBJC_ROOT_CLASS = YES_ERROR;
				CLANG_WARN_UNREACHABLE_CODE = YES;
				CLANG_WARN__DUPLICATE_METHOD_MATCH = YES;
				CODE_SIGN_IDENTITY = "-";
				COPY_PHASE_STRIP = NO;
				DEBUG_INFORMATION_FORMAT = "dwarf-with-dsym";
				ENABLE_NS_ASSERTIONS = NO;
				ENABLE_STRICT_OBJC_MSGSEND = YES;
				GCC_C_LANGUAGE_STANDARD = gnu99;
				GCC_NO_COMMON_BLOCKS = YES;
				GCC_WARN_64_TO_32_BIT_CONVERSION = YES;
				GCC_WARN_ABOUT_RETURN_TYPE = YES_ERROR;
				GCC_WARN_UNDECLARED_SELECTOR = YES;
				GCC_WARN_UNINITIALIZED_AUTOS = YES_AGGRESSIVE;
				GCC_WARN_UNUSED_FUNCTION = YES;
				GCC_WARN_UNUSED_VARIABLE = YES;
				MACOSX_DEPLOYMENT_TARGET = 10.11;
				MTL_ENABLE_DEBUG_INFO = NO;
				SDKROOT = macosx;
			};
			name = Release;
		};
		578E09611BF4DBC2005BDA1A /* Debug */ = {
			isa = XCBuildConfiguration;
			buildSettings = {
				ASSETCATALOG_COMPILER_APPICON_NAME = AppIcon;
				COMBINE_HIDPI_IMAGES = YES;
				INFOPLIST_FILE = Logo/Info.plist;
				LD_RUNPATH_SEARCH_PATHS = "$(inherited) @executable_path/../Frameworks";
				PRODUCT_BUNDLE_IDENTIFIER = com.xxiivv.Logo;
				PRODUCT_NAME = "$(TARGET_NAME)";
			};
			name = Debug;
		};
		578E09621BF4DBC2005BDA1A /* Release */ = {
			isa = XCBuildConfiguration;
			buildSettings = {
				ASSETCATALOG_COMPILER_APPICON_NAME = AppIcon;
				COMBINE_HIDPI_IMAGES = YES;
				INFOPLIST_FILE = Logo/Info.plist;
				LD_RUNPATH_SEARCH_PATHS = "$(inherited) @executable_path/../Frameworks";
				PRODUCT_BUNDLE_IDENTIFIER = com.xxiivv.Logo;
				PRODUCT_NAME = "$(TARGET_NAME)";
			};
			name = Release;
		};
/* End XCBuildConfiguration section */

/* Begin XCConfigurationList section */
		578E094A1BF4DBC2005BDA1A /* Build configuration list for PBXProject "Logo" */ = {
			isa = XCConfigurationList;
			buildConfigurations = (
				578E095E1BF4DBC2005BDA1A /* Debug */,
				578E095F1BF4DBC2005BDA1A /* Release */,
			);
			defaultConfigurationIsVisible = 0;
			defaultConfigurationName = Release;
		};
		578E09601BF4DBC2005BDA1A /* Build configuration list for PBXNativeTarget "Logo" */ = {
			isa = XCConfigurationList;
			buildConfigurations = (
				578E09611BF4DBC2005BDA1A /* Debug */,
				578E09621BF4DBC2005BDA1A /* Release */,
			);
			defaultConfigurationIsVisible = 0;
		};
/* End XCConfigurationList section */
	};
	rootObject = 578E09471BF4DBC2005BDA1A /* Project object */;
}
